// !$*UTF8*$!
{
	archiveVersion = 1;
	classes = {
	};
	objectVersion = 54;
	objects = {

/* Begin PBXBuildFile section */
		00E356F31AD99517003FC87E /* DemoProjectTests.m in Sources */ = {isa = PBXBuildFile; fileRef = 00E356F21AD99517003FC87E /* DemoProjectTests.m */; };
		13B07FBC1A68108700A75B9A /* AppDelegate.m in Sources */ = {isa = PBXBuildFile; fileRef = 13B07FB01A68108700A75B9A /* AppDelegate.m */; };
		13B07FBF1A68108700A75B9A /* Images.xcassets in Resources */ = {isa = PBXBuildFile; fileRef = 13B07FB51A68108700A75B9A /* Images.xcassets */; };
		13B07FC11A68108700A75B9A /* main.m in Sources */ = {isa = PBXBuildFile; fileRef = 13B07FB71A68108700A75B9A /* main.m */; };
		81AB9BB82411601600AC10FF /* LaunchScreen.storyboard in Resources */ = {isa = PBXBuildFile; fileRef = 81AB9BB72411601600AC10FF /* LaunchScreen.storyboard */; };
		DC7BC65B087A444D975CD350 /* OpenSans-Bold.ttf in Resources */ = {isa = PBXBuildFile; fileRef = 75E3ACD64356454AA200C31A /* OpenSans-Bold.ttf */; };
		938E641A20C643CDB09E792D /* OpenSans-BoldItalic.ttf in Resources */ = {isa = PBXBuildFile; fileRef = D3F730041C2B4CCDB41E3D45 /* OpenSans-BoldItalic.ttf */; };
		E80E7330FB1A4123853D1E97 /* OpenSans-ExtraBold.ttf in Resources */ = {isa = PBXBuildFile; fileRef = A0DEE884F779438A90E27ED5 /* OpenSans-ExtraBold.ttf */; };
		62D37AA62519415CB82A1C75 /* OpenSans-ExtraBoldItalic.ttf in Resources */ = {isa = PBXBuildFile; fileRef = D8AEFB5002EE433388517D30 /* OpenSans-ExtraBoldItalic.ttf */; };
		25B253DE7C1E44548499AE27 /* OpenSans-Italic.ttf in Resources */ = {isa = PBXBuildFile; fileRef = 46F41032366D4A469E4750FF /* OpenSans-Italic.ttf */; };
		FAC7E69B17424A05A6235475 /* OpenSans-Light.ttf in Resources */ = {isa = PBXBuildFile; fileRef = 7D328DFDBDDF4B0EA0379849 /* OpenSans-Light.ttf */; };
		ECE8E9D3C41E448DBBA984F4 /* OpenSans-LightItalic.ttf in Resources */ = {isa = PBXBuildFile; fileRef = 5530BC17DD84406382BF3644 /* OpenSans-LightItalic.ttf */; };
		0AF062F72887442380456D8C /* OpenSans-Regular.ttf in Resources */ = {isa = PBXBuildFile; fileRef = C4DA8248BBC14450BA9714BA /* OpenSans-Regular.ttf */; };
		7BECE80A97234566A077FD6C /* OpenSans-SemiBold.ttf in Resources */ = {isa = PBXBuildFile; fileRef = B47676DB111F4CD5AEB1FFD3 /* OpenSans-SemiBold.ttf */; };
		378F2543DBBD4E2EB6B4C3BA /* OpenSans-SemiBoldItalic.ttf in Resources */ = {isa = PBXBuildFile; fileRef = E6863F9AC44A44158C30F869 /* OpenSans-SemiBoldItalic.ttf */; };
		73CDE76199F546238183045F /* AntDesign.ttf in Resources */ = {isa = PBXBuildFile; fileRef = 4741C095D62D409C93F208CA /* AntDesign.ttf */; };
		680950DBCA904AC99E62E2E7 /* Entypo.ttf in Resources */ = {isa = PBXBuildFile; fileRef = E252D486D75D4D54B6143B01 /* Entypo.ttf */; };
		30314F7D7BD843989304C6FE /* EvilIcons.ttf in Resources */ = {isa = PBXBuildFile; fileRef = 6FA195D56BB345559863BE1E /* EvilIcons.ttf */; };
		94D6340A283A4438A2F4C54E /* Feather.ttf in Resources */ = {isa = PBXBuildFile; fileRef = D329694557604798AE9E457B /* Feather.ttf */; };
		CF70059AD8F54904B8135F03 /* FontAwesome.ttf in Resources */ = {isa = PBXBuildFile; fileRef = BF5A0AE2B11545A299D17890 /* FontAwesome.ttf */; };
		49E08B270457428E914A6900 /* FontAwesome5_Brands.ttf in Resources */ = {isa = PBXBuildFile; fileRef = 05ED6B42D5E84748A248ACBC /* FontAwesome5_Brands.ttf */; };
		D9FB433EC7DF446EB35F68C1 /* FontAwesome5_Regular.ttf in Resources */ = {isa = PBXBuildFile; fileRef = 61812731923A4DE995D15106 /* FontAwesome5_Regular.ttf */; };
		0EA9B884F3374031AC6C4917 /* FontAwesome5_Solid.ttf in Resources */ = {isa = PBXBuildFile; fileRef = 42125F5D04FA44B99D71D13F /* FontAwesome5_Solid.ttf */; };
		787F305890A44D41AABA7E6D /* Fontisto.ttf in Resources */ = {isa = PBXBuildFile; fileRef = FE1D81220254407899DC6A8F /* Fontisto.ttf */; };
		466209A04E2E483B8348021A /* Foundation.ttf in Resources */ = {isa = PBXBuildFile; fileRef = A28999ECE3CF4A468B0EFE4C /* Foundation.ttf */; };
		FC74E1CEBDC24939B0A530D5 /* Ionicons.ttf in Resources */ = {isa = PBXBuildFile; fileRef = 5FDB21DBB71D49468997B377 /* Ionicons.ttf */; };
		62ED7CEDA8AB446A89B079F2 /* MaterialCommunityIcons.ttf in Resources */ = {isa = PBXBuildFile; fileRef = ABE8D107E772406FA133D9AB /* MaterialCommunityIcons.ttf */; };
		A9EB613E0B084832B758F213 /* MaterialIcons.ttf in Resources */ = {isa = PBXBuildFile; fileRef = 21F37AACF1EC4878BF5370F7 /* MaterialIcons.ttf */; };
		7D9CFADFF4F146AEA721B517 /* Octicons.ttf in Resources */ = {isa = PBXBuildFile; fileRef = 05E5AD91D2E346EB92368EBF /* Octicons.ttf */; };
		1EB397AA40F24340BDEF7E3A /* SimpleLineIcons.ttf in Resources */ = {isa = PBXBuildFile; fileRef = CF9503EBBDEB41FFA9502EAC /* SimpleLineIcons.ttf */; };
		95536DD7B2BC46318D2E0A32 /* Zocial.ttf in Resources */ = {isa = PBXBuildFile; fileRef = A8DEE8048DE043B1835E2EB5 /* Zocial.ttf */; };
		8058150861334A22A37CD206 /* Lexend-Black.ttf in Resources */ = {isa = PBXBuildFile; fileRef = 1265C021D73B411D98BA0D55 /* Lexend-Black.ttf */; };
		186CE542D4EE4A689EE77F21 /* Lexend-Bold.ttf in Resources */ = {isa = PBXBuildFile; fileRef = 7D25F87EAF074945A3E07319 /* Lexend-Bold.ttf */; };
		57893FFD687B45BAB0F2125A /* Lexend-ExtraBold.ttf in Resources */ = {isa = PBXBuildFile; fileRef = FB83BEB2B2334D7493B9FA09 /* Lexend-ExtraBold.ttf */; };
		1B87C9E7F4A24511B15695B3 /* Lexend-ExtraLight.ttf in Resources */ = {isa = PBXBuildFile; fileRef = 200BBADFA38742D8B577480F /* Lexend-ExtraLight.ttf */; };
		831BFE9E8D9D4F38B46F1456 /* Lexend-Light.ttf in Resources */ = {isa = PBXBuildFile; fileRef = 2A2DAFB3F711452AB1BAA6B3 /* Lexend-Light.ttf */; };
		D454D21033D84E89BA5FCFEE /* Lexend-Medium.ttf in Resources */ = {isa = PBXBuildFile; fileRef = 4A26EAD3CF5D4BF5AC478445 /* Lexend-Medium.ttf */; };
		2C7D832FB0D3460C8979BC65 /* Lexend-Regular.ttf in Resources */ = {isa = PBXBuildFile; fileRef = 837165FA444B4282A5211BBD /* Lexend-Regular.ttf */; };
		19A9AFBC087F47A09906164B /* Lexend-SemiBold.ttf in Resources */ = {isa = PBXBuildFile; fileRef = 6A0F468991E24CBFB60E3579 /* Lexend-SemiBold.ttf */; };
		E6E41773C12C4B49B6A5D00F /* Lexend-Thin.ttf in Resources */ = {isa = PBXBuildFile; fileRef = DB857C7F524D411E97AF5DFF /* Lexend-Thin.ttf */; };
		58AA902B2C7444989AD67AAD /* Lexend-VariableFont_wght.ttf in Resources */ = {isa = PBXBuildFile; fileRef = A616AA7216604D80B8E592D5 /* Lexend-VariableFont_wght.ttf */; };
/* End PBXBuildFile section */

/* Begin PBXContainerItemProxy section */
		00E356F41AD99517003FC87E /* PBXContainerItemProxy */ = {
			isa = PBXContainerItemProxy;
			containerPortal = 83CBB9F71A601CBA00E9B192 /* Project object */;
			proxyType = 1;
			remoteGlobalIDString = 13B07F861A680F5B00A75B9A;
			remoteInfo = DemoProject;
		};
/* End PBXContainerItemProxy section */

/* Begin PBXFileReference section */
		00E356EE1AD99517003FC87E /* DemoProjectTests.xctest */ = {isa = PBXFileReference; explicitFileType = wrapper.cfbundle; includeInIndex = 0; path = DemoProjectTests.xctest; sourceTree = BUILT_PRODUCTS_DIR; };
		00E356F11AD99517003FC87E /* Info.plist */ = {isa = PBXFileReference; lastKnownFileType = text.plist.xml; path = Info.plist; sourceTree = "<group>"; };
		00E356F21AD99517003FC87E /* DemoProjectTests.m */ = {isa = PBXFileReference; lastKnownFileType = sourcecode.c.objc; path = DemoProjectTests.m; sourceTree = "<group>"; };
		13B07F961A680F5B00A75B9A /* DemoProject.app */ = {isa = PBXFileReference; explicitFileType = wrapper.application; includeInIndex = 0; path = DemoProject.app; sourceTree = BUILT_PRODUCTS_DIR; };
		13B07FAF1A68108700A75B9A /* AppDelegate.h */ = {isa = PBXFileReference; fileEncoding = 4; lastKnownFileType = sourcecode.c.h; name = AppDelegate.h; path = DemoProject/AppDelegate.h; sourceTree = "<group>"; };
		13B07FB01A68108700A75B9A /* AppDelegate.m */ = {isa = PBXFileReference; fileEncoding = 4; lastKnownFileType = sourcecode.c.objc; name = AppDelegate.m; path = DemoProject/AppDelegate.m; sourceTree = "<group>"; };
		13B07FB51A68108700A75B9A /* Images.xcassets */ = {isa = PBXFileReference; lastKnownFileType = folder.assetcatalog; name = Images.xcassets; path = DemoProject/Images.xcassets; sourceTree = "<group>"; };
		13B07FB61A68108700A75B9A /* Info.plist */ = {isa = PBXFileReference; fileEncoding = 4; lastKnownFileType = text.plist.xml; name = Info.plist; path = DemoProject/Info.plist; sourceTree = "<group>"; };
		13B07FB71A68108700A75B9A /* main.m */ = {isa = PBXFileReference; fileEncoding = 4; lastKnownFileType = sourcecode.c.objc; name = main.m; path = DemoProject/main.m; sourceTree = "<group>"; };
		81AB9BB72411601600AC10FF /* LaunchScreen.storyboard */ = {isa = PBXFileReference; fileEncoding = 4; lastKnownFileType = file.storyboard; name = LaunchScreen.storyboard; path = DemoProject/LaunchScreen.storyboard; sourceTree = "<group>"; };
		ED297162215061F000B7C4FE /* JavaScriptCore.framework */ = {isa = PBXFileReference; lastKnownFileType = wrapper.framework; name = JavaScriptCore.framework; path = System/Library/Frameworks/JavaScriptCore.framework; sourceTree = SDKROOT; };
		75E3ACD64356454AA200C31A /* OpenSans-Bold.ttf */ = {isa = PBXFileReference; name = "OpenSans-Bold.ttf"; path = "../assets/fonts/OpenSans-Bold.ttf"; sourceTree = "<group>"; fileEncoding = undefined; lastKnownFileType = unknown; explicitFileType = undefined; includeInIndex = 0; };
		D3F730041C2B4CCDB41E3D45 /* OpenSans-BoldItalic.ttf */ = {isa = PBXFileReference; name = "OpenSans-BoldItalic.ttf"; path = "../assets/fonts/OpenSans-BoldItalic.ttf"; sourceTree = "<group>"; fileEncoding = undefined; lastKnownFileType = unknown; explicitFileType = undefined; includeInIndex = 0; };
		A0DEE884F779438A90E27ED5 /* OpenSans-ExtraBold.ttf */ = {isa = PBXFileReference; name = "OpenSans-ExtraBold.ttf"; path = "../assets/fonts/OpenSans-ExtraBold.ttf"; sourceTree = "<group>"; fileEncoding = undefined; lastKnownFileType = unknown; explicitFileType = undefined; includeInIndex = 0; };
		D8AEFB5002EE433388517D30 /* OpenSans-ExtraBoldItalic.ttf */ = {isa = PBXFileReference; name = "OpenSans-ExtraBoldItalic.ttf"; path = "../assets/fonts/OpenSans-ExtraBoldItalic.ttf"; sourceTree = "<group>"; fileEncoding = undefined; lastKnownFileType = unknown; explicitFileType = undefined; includeInIndex = 0; };
		46F41032366D4A469E4750FF /* OpenSans-Italic.ttf */ = {isa = PBXFileReference; name = "OpenSans-Italic.ttf"; path = "../assets/fonts/OpenSans-Italic.ttf"; sourceTree = "<group>"; fileEncoding = undefined; lastKnownFileType = unknown; explicitFileType = undefined; includeInIndex = 0; };
		7D328DFDBDDF4B0EA0379849 /* OpenSans-Light.ttf */ = {isa = PBXFileReference; name = "OpenSans-Light.ttf"; path = "../assets/fonts/OpenSans-Light.ttf"; sourceTree = "<group>"; fileEncoding = undefined; lastKnownFileType = unknown; explicitFileType = undefined; includeInIndex = 0; };
		5530BC17DD84406382BF3644 /* OpenSans-LightItalic.ttf */ = {isa = PBXFileReference; name = "OpenSans-LightItalic.ttf"; path = "../assets/fonts/OpenSans-LightItalic.ttf"; sourceTree = "<group>"; fileEncoding = undefined; lastKnownFileType = unknown; explicitFileType = undefined; includeInIndex = 0; };
		C4DA8248BBC14450BA9714BA /* OpenSans-Regular.ttf */ = {isa = PBXFileReference; name = "OpenSans-Regular.ttf"; path = "../assets/fonts/OpenSans-Regular.ttf"; sourceTree = "<group>"; fileEncoding = undefined; lastKnownFileType = unknown; explicitFileType = undefined; includeInIndex = 0; };
		B47676DB111F4CD5AEB1FFD3 /* OpenSans-SemiBold.ttf */ = {isa = PBXFileReference; name = "OpenSans-SemiBold.ttf"; path = "../assets/fonts/OpenSans-SemiBold.ttf"; sourceTree = "<group>"; fileEncoding = undefined; lastKnownFileType = unknown; explicitFileType = undefined; includeInIndex = 0; };
		E6863F9AC44A44158C30F869 /* OpenSans-SemiBoldItalic.ttf */ = {isa = PBXFileReference; name = "OpenSans-SemiBoldItalic.ttf"; path = "../assets/fonts/OpenSans-SemiBoldItalic.ttf"; sourceTree = "<group>"; fileEncoding = undefined; lastKnownFileType = unknown; explicitFileType = undefined; includeInIndex = 0; };
		4741C095D62D409C93F208CA /* AntDesign.ttf */ = {isa = PBXFileReference; name = "AntDesign.ttf"; path = "../node_modules/react-native-vector-icons/Fonts/AntDesign.ttf"; sourceTree = "<group>"; fileEncoding = undefined; lastKnownFileType = unknown; explicitFileType = undefined; includeInIndex = 0; };
		E252D486D75D4D54B6143B01 /* Entypo.ttf */ = {isa = PBXFileReference; name = "Entypo.ttf"; path = "../node_modules/react-native-vector-icons/Fonts/Entypo.ttf"; sourceTree = "<group>"; fileEncoding = undefined; lastKnownFileType = unknown; explicitFileType = undefined; includeInIndex = 0; };
		6FA195D56BB345559863BE1E /* EvilIcons.ttf */ = {isa = PBXFileReference; name = "EvilIcons.ttf"; path = "../node_modules/react-native-vector-icons/Fonts/EvilIcons.ttf"; sourceTree = "<group>"; fileEncoding = undefined; lastKnownFileType = unknown; explicitFileType = undefined; includeInIndex = 0; };
		D329694557604798AE9E457B /* Feather.ttf */ = {isa = PBXFileReference; name = "Feather.ttf"; path = "../node_modules/react-native-vector-icons/Fonts/Feather.ttf"; sourceTree = "<group>"; fileEncoding = undefined; lastKnownFileType = unknown; explicitFileType = undefined; includeInIndex = 0; };
		BF5A0AE2B11545A299D17890 /* FontAwesome.ttf */ = {isa = PBXFileReference; name = "FontAwesome.ttf"; path = "../node_modules/react-native-vector-icons/Fonts/FontAwesome.ttf"; sourceTree = "<group>"; fileEncoding = undefined; lastKnownFileType = unknown; explicitFileType = undefined; includeInIndex = 0; };
		05ED6B42D5E84748A248ACBC /* FontAwesome5_Brands.ttf */ = {isa = PBXFileReference; name = "FontAwesome5_Brands.ttf"; path = "../node_modules/react-native-vector-icons/Fonts/FontAwesome5_Brands.ttf"; sourceTree = "<group>"; fileEncoding = undefined; lastKnownFileType = unknown; explicitFileType = undefined; includeInIndex = 0; };
		61812731923A4DE995D15106 /* FontAwesome5_Regular.ttf */ = {isa = PBXFileReference; name = "FontAwesome5_Regular.ttf"; path = "../node_modules/react-native-vector-icons/Fonts/FontAwesome5_Regular.ttf"; sourceTree = "<group>"; fileEncoding = undefined; lastKnownFileType = unknown; explicitFileType = undefined; includeInIndex = 0; };
		42125F5D04FA44B99D71D13F /* FontAwesome5_Solid.ttf */ = {isa = PBXFileReference; name = "FontAwesome5_Solid.ttf"; path = "../node_modules/react-native-vector-icons/Fonts/FontAwesome5_Solid.ttf"; sourceTree = "<group>"; fileEncoding = undefined; lastKnownFileType = unknown; explicitFileType = undefined; includeInIndex = 0; };
		FE1D81220254407899DC6A8F /* Fontisto.ttf */ = {isa = PBXFileReference; name = "Fontisto.ttf"; path = "../node_modules/react-native-vector-icons/Fonts/Fontisto.ttf"; sourceTree = "<group>"; fileEncoding = undefined; lastKnownFileType = unknown; explicitFileType = undefined; includeInIndex = 0; };
		A28999ECE3CF4A468B0EFE4C /* Foundation.ttf */ = {isa = PBXFileReference; name = "Foundation.ttf"; path = "../node_modules/react-native-vector-icons/Fonts/Foundation.ttf"; sourceTree = "<group>"; fileEncoding = undefined; lastKnownFileType = unknown; explicitFileType = undefined; includeInIndex = 0; };
		5FDB21DBB71D49468997B377 /* Ionicons.ttf */ = {isa = PBXFileReference; name = "Ionicons.ttf"; path = "../node_modules/react-native-vector-icons/Fonts/Ionicons.ttf"; sourceTree = "<group>"; fileEncoding = undefined; lastKnownFileType = unknown; explicitFileType = undefined; includeInIndex = 0; };
		ABE8D107E772406FA133D9AB /* MaterialCommunityIcons.ttf */ = {isa = PBXFileReference; name = "MaterialCommunityIcons.ttf"; path = "../node_modules/react-native-vector-icons/Fonts/MaterialCommunityIcons.ttf"; sourceTree = "<group>"; fileEncoding = undefined; lastKnownFileType = unknown; explicitFileType = undefined; includeInIndex = 0; };
		21F37AACF1EC4878BF5370F7 /* MaterialIcons.ttf */ = {isa = PBXFileReference; name = "MaterialIcons.ttf"; path = "../node_modules/react-native-vector-icons/Fonts/MaterialIcons.ttf"; sourceTree = "<group>"; fileEncoding = undefined; lastKnownFileType = unknown; explicitFileType = undefined; includeInIndex = 0; };
		05E5AD91D2E346EB92368EBF /* Octicons.ttf */ = {isa = PBXFileReference; name = "Octicons.ttf"; path = "../node_modules/react-native-vector-icons/Fonts/Octicons.ttf"; sourceTree = "<group>"; fileEncoding = undefined; lastKnownFileType = unknown; explicitFileType = undefined; includeInIndex = 0; };
		CF9503EBBDEB41FFA9502EAC /* SimpleLineIcons.ttf */ = {isa = PBXFileReference; name = "SimpleLineIcons.ttf"; path = "../node_modules/react-native-vector-icons/Fonts/SimpleLineIcons.ttf"; sourceTree = "<group>"; fileEncoding = undefined; lastKnownFileType = unknown; explicitFileType = undefined; includeInIndex = 0; };
		A8DEE8048DE043B1835E2EB5 /* Zocial.ttf */ = {isa = PBXFileReference; name = "Zocial.ttf"; path = "../node_modules/react-native-vector-icons/Fonts/Zocial.ttf"; sourceTree = "<group>"; fileEncoding = undefined; lastKnownFileType = unknown; explicitFileType = undefined; includeInIndex = 0; };
		1265C021D73B411D98BA0D55 /* Lexend-Black.ttf */ = {isa = PBXFileReference; name = "Lexend-Black.ttf"; path = "../assets/fonts/Lexend-Black.ttf"; sourceTree = "<group>"; fileEncoding = undefined; lastKnownFileType = unknown; explicitFileType = undefined; includeInIndex = 0; };
		7D25F87EAF074945A3E07319 /* Lexend-Bold.ttf */ = {isa = PBXFileReference; name = "Lexend-Bold.ttf"; path = "../assets/fonts/Lexend-Bold.ttf"; sourceTree = "<group>"; fileEncoding = undefined; lastKnownFileType = unknown; explicitFileType = undefined; includeInIndex = 0; };
		FB83BEB2B2334D7493B9FA09 /* Lexend-ExtraBold.ttf */ = {isa = PBXFileReference; name = "Lexend-ExtraBold.ttf"; path = "../assets/fonts/Lexend-ExtraBold.ttf"; sourceTree = "<group>"; fileEncoding = undefined; lastKnownFileType = unknown; explicitFileType = undefined; includeInIndex = 0; };
		200BBADFA38742D8B577480F /* Lexend-ExtraLight.ttf */ = {isa = PBXFileReference; name = "Lexend-ExtraLight.ttf"; path = "../assets/fonts/Lexend-ExtraLight.ttf"; sourceTree = "<group>"; fileEncoding = undefined; lastKnownFileType = unknown; explicitFileType = undefined; includeInIndex = 0; };
		2A2DAFB3F711452AB1BAA6B3 /* Lexend-Light.ttf */ = {isa = PBXFileReference; name = "Lexend-Light.ttf"; path = "../assets/fonts/Lexend-Light.ttf"; sourceTree = "<group>"; fileEncoding = undefined; lastKnownFileType = unknown; explicitFileType = undefined; includeInIndex = 0; };
		4A26EAD3CF5D4BF5AC478445 /* Lexend-Medium.ttf */ = {isa = PBXFileReference; name = "Lexend-Medium.ttf"; path = "../assets/fonts/Lexend-Medium.ttf"; sourceTree = "<group>"; fileEncoding = undefined; lastKnownFileType = unknown; explicitFileType = undefined; includeInIndex = 0; };
		837165FA444B4282A5211BBD /* Lexend-Regular.ttf */ = {isa = PBXFileReference; name = "Lexend-Regular.ttf"; path = "../assets/fonts/Lexend-Regular.ttf"; sourceTree = "<group>"; fileEncoding = undefined; lastKnownFileType = unknown; explicitFileType = undefined; includeInIndex = 0; };
		6A0F468991E24CBFB60E3579 /* Lexend-SemiBold.ttf */ = {isa = PBXFileReference; name = "Lexend-SemiBold.ttf"; path = "../assets/fonts/Lexend-SemiBold.ttf"; sourceTree = "<group>"; fileEncoding = undefined; lastKnownFileType = unknown; explicitFileType = undefined; includeInIndex = 0; };
		DB857C7F524D411E97AF5DFF /* Lexend-Thin.ttf */ = {isa = PBXFileReference; name = "Lexend-Thin.ttf"; path = "../assets/fonts/Lexend-Thin.ttf"; sourceTree = "<group>"; fileEncoding = undefined; lastKnownFileType = unknown; explicitFileType = undefined; includeInIndex = 0; };
		A616AA7216604D80B8E592D5 /* Lexend-VariableFont_wght.ttf */ = {isa = PBXFileReference; name = "Lexend-VariableFont_wght.ttf"; path = "../assets/fonts/Lexend-VariableFont_wght.ttf"; sourceTree = "<group>"; fileEncoding = undefined; lastKnownFileType = unknown; explicitFileType = undefined; includeInIndex = 0; };
/* End PBXFileReference section */

/* Begin PBXFrameworksBuildPhase section */
		00E356EB1AD99517003FC87E /* Frameworks */ = {
			isa = PBXFrameworksBuildPhase;
			buildActionMask = 2147483647;
			files = (
			);
			runOnlyForDeploymentPostprocessing = 0;
		};
		13B07F8C1A680F5B00A75B9A /* Frameworks */ = {
			isa = PBXFrameworksBuildPhase;
			buildActionMask = 2147483647;
			files = (
			);
			runOnlyForDeploymentPostprocessing = 0;
		};
/* End PBXFrameworksBuildPhase section */

/* Begin PBXGroup section */
		00E356EF1AD99517003FC87E /* DemoProjectTests */ = {
			isa = PBXGroup;
			children = (
				00E356F21AD99517003FC87E /* DemoProjectTests.m */,
				00E356F01AD99517003FC87E /* Supporting Files */,
			);
			path = DemoProjectTests;
			sourceTree = "<group>";
		};
		00E356F01AD99517003FC87E /* Supporting Files */ = {
			isa = PBXGroup;
			children = (
				00E356F11AD99517003FC87E /* Info.plist */,
			);
			name = "Supporting Files";
			sourceTree = "<group>";
		};
		13B07FAE1A68108700A75B9A /* DemoProject */ = {
			isa = PBXGroup;
			children = (
				13B07FAF1A68108700A75B9A /* AppDelegate.h */,
				13B07FB01A68108700A75B9A /* AppDelegate.m */,
				13B07FB51A68108700A75B9A /* Images.xcassets */,
				13B07FB61A68108700A75B9A /* Info.plist */,
				81AB9BB72411601600AC10FF /* LaunchScreen.storyboard */,
				13B07FB71A68108700A75B9A /* main.m */,
			);
			name = DemoProject;
			sourceTree = "<group>";
		};
		2D16E6871FA4F8E400B85C8A /* Frameworks */ = {
			isa = PBXGroup;
			children = (
				ED297162215061F000B7C4FE /* JavaScriptCore.framework */,
			);
			name = Frameworks;
			sourceTree = "<group>";
		};
		832341AE1AAA6A7D00B99B32 /* Libraries */ = {
			isa = PBXGroup;
			children = (
			);
			name = Libraries;
			sourceTree = "<group>";
		};
		83CBB9F61A601CBA00E9B192 = {
			isa = PBXGroup;
			children = (
				13B07FAE1A68108700A75B9A /* DemoProject */,
				832341AE1AAA6A7D00B99B32 /* Libraries */,
				00E356EF1AD99517003FC87E /* DemoProjectTests */,
				83CBBA001A601CBA00E9B192 /* Products */,
				2D16E6871FA4F8E400B85C8A /* Frameworks */,
				7792F3F9EB2C4016B8BB98DB /* Resources */,
			);
			indentWidth = 2;
			sourceTree = "<group>";
			tabWidth = 2;
			usesTabs = 0;
		};
		83CBBA001A601CBA00E9B192 /* Products */ = {
			isa = PBXGroup;
			children = (
				13B07F961A680F5B00A75B9A /* DemoProject.app */,
				00E356EE1AD99517003FC87E /* DemoProjectTests.xctest */,
			);
			name = Products;
			sourceTree = "<group>";
		};
		7792F3F9EB2C4016B8BB98DB /* Resources */ = {
			isa = "PBXGroup";
			children = (
				75E3ACD64356454AA200C31A /* OpenSans-Bold.ttf */,
				D3F730041C2B4CCDB41E3D45 /* OpenSans-BoldItalic.ttf */,
				A0DEE884F779438A90E27ED5 /* OpenSans-ExtraBold.ttf */,
				D8AEFB5002EE433388517D30 /* OpenSans-ExtraBoldItalic.ttf */,
				46F41032366D4A469E4750FF /* OpenSans-Italic.ttf */,
				7D328DFDBDDF4B0EA0379849 /* OpenSans-Light.ttf */,
				5530BC17DD84406382BF3644 /* OpenSans-LightItalic.ttf */,
				C4DA8248BBC14450BA9714BA /* OpenSans-Regular.ttf */,
				B47676DB111F4CD5AEB1FFD3 /* OpenSans-SemiBold.ttf */,
				E6863F9AC44A44158C30F869 /* OpenSans-SemiBoldItalic.ttf */,
				4741C095D62D409C93F208CA /* AntDesign.ttf */,
				E252D486D75D4D54B6143B01 /* Entypo.ttf */,
				6FA195D56BB345559863BE1E /* EvilIcons.ttf */,
				D329694557604798AE9E457B /* Feather.ttf */,
				BF5A0AE2B11545A299D17890 /* FontAwesome.ttf */,
				05ED6B42D5E84748A248ACBC /* FontAwesome5_Brands.ttf */,
				61812731923A4DE995D15106 /* FontAwesome5_Regular.ttf */,
				42125F5D04FA44B99D71D13F /* FontAwesome5_Solid.ttf */,
				FE1D81220254407899DC6A8F /* Fontisto.ttf */,
				A28999ECE3CF4A468B0EFE4C /* Foundation.ttf */,
				5FDB21DBB71D49468997B377 /* Ionicons.ttf */,
				ABE8D107E772406FA133D9AB /* MaterialCommunityIcons.ttf */,
				21F37AACF1EC4878BF5370F7 /* MaterialIcons.ttf */,
				05E5AD91D2E346EB92368EBF /* Octicons.ttf */,
				CF9503EBBDEB41FFA9502EAC /* SimpleLineIcons.ttf */,
				A8DEE8048DE043B1835E2EB5 /* Zocial.ttf */,
				1265C021D73B411D98BA0D55 /* Lexend-Black.ttf */,
				7D25F87EAF074945A3E07319 /* Lexend-Bold.ttf */,
				FB83BEB2B2334D7493B9FA09 /* Lexend-ExtraBold.ttf */,
				200BBADFA38742D8B577480F /* Lexend-ExtraLight.ttf */,
				2A2DAFB3F711452AB1BAA6B3 /* Lexend-Light.ttf */,
				4A26EAD3CF5D4BF5AC478445 /* Lexend-Medium.ttf */,
				837165FA444B4282A5211BBD /* Lexend-Regular.ttf */,
				6A0F468991E24CBFB60E3579 /* Lexend-SemiBold.ttf */,
				DB857C7F524D411E97AF5DFF /* Lexend-Thin.ttf */,
				A616AA7216604D80B8E592D5 /* Lexend-VariableFont_wght.ttf */,
			);
			name = Resources;
			sourceTree = "<group>";
			path = "";
		};
/* End PBXGroup section */

/* Begin PBXNativeTarget section */
		00E356ED1AD99517003FC87E /* DemoProjectTests */ = {
			isa = PBXNativeTarget;
			buildConfigurationList = 00E357021AD99517003FC87E /* Build configuration list for PBXNativeTarget "DemoProjectTests" */;
			buildPhases = (
				00E356EA1AD99517003FC87E /* Sources */,
				00E356EB1AD99517003FC87E /* Frameworks */,
				00E356EC1AD99517003FC87E /* Resources */,
			);
			buildRules = (
			);
			dependencies = (
				00E356F51AD99517003FC87E /* PBXTargetDependency */,
			);
			name = DemoProjectTests;
			productName = DemoProjectTests;
			productReference = 00E356EE1AD99517003FC87E /* DemoProjectTests.xctest */;
			productType = "com.apple.product-type.bundle.unit-test";
		};
		13B07F861A680F5B00A75B9A /* DemoProject */ = {
			isa = PBXNativeTarget;
			buildConfigurationList = 13B07F931A680F5B00A75B9A /* Build configuration list for PBXNativeTarget "DemoProject" */;
			buildPhases = (
				FD10A7F022414F080027D42C /* Start Packager */,
				13B07F871A680F5B00A75B9A /* Sources */,
				13B07F8C1A680F5B00A75B9A /* Frameworks */,
				13B07F8E1A680F5B00A75B9A /* Resources */,
				00DD1BFF1BD5951E006B06BC /* Bundle React Native code and images */,
			);
			buildRules = (
			);
			dependencies = (
			);
			name = DemoProject;
			productName = DemoProject;
			productReference = 13B07F961A680F5B00A75B9A /* DemoProject.app */;
			productType = "com.apple.product-type.application";
		};
/* End PBXNativeTarget section */

/* Begin PBXProject section */
		83CBB9F71A601CBA00E9B192 /* Project object */ = {
			isa = PBXProject;
			attributes = {
				LastUpgradeCheck = 1210;
				TargetAttributes = {
					00E356ED1AD99517003FC87E = {
						CreatedOnToolsVersion = 6.2;
						TestTargetID = 13B07F861A680F5B00A75B9A;
					};
					13B07F861A680F5B00A75B9A = {
						LastSwiftMigration = 1120;
					};
				};
			};
			buildConfigurationList = 83CBB9FA1A601CBA00E9B192 /* Build configuration list for PBXProject "DemoProject" */;
			compatibilityVersion = "Xcode 12.0";
			developmentRegion = en;
			hasScannedForEncodings = 0;
			knownRegions = (
				en,
				Base,
			);
			mainGroup = 83CBB9F61A601CBA00E9B192;
			productRefGroup = 83CBBA001A601CBA00E9B192 /* Products */;
			projectDirPath = "";
			projectRoot = "";
			targets = (
				13B07F861A680F5B00A75B9A /* DemoProject */,
				00E356ED1AD99517003FC87E /* DemoProjectTests */,
			);
		};
/* End PBXProject section */

/* Begin PBXResourcesBuildPhase section */
		00E356EC1AD99517003FC87E /* Resources */ = {
			isa = PBXResourcesBuildPhase;
			buildActionMask = 2147483647;
			files = (
			);
			runOnlyForDeploymentPostprocessing = 0;
		};
		13B07F8E1A680F5B00A75B9A /* Resources */ = {
			isa = PBXResourcesBuildPhase;
			buildActionMask = 2147483647;
			files = (
				81AB9BB82411601600AC10FF /* LaunchScreen.storyboard in Resources */,
				13B07FBF1A68108700A75B9A /* Images.xcassets in Resources */,
				DC7BC65B087A444D975CD350 /* OpenSans-Bold.ttf in Resources */,
				938E641A20C643CDB09E792D /* OpenSans-BoldItalic.ttf in Resources */,
				E80E7330FB1A4123853D1E97 /* OpenSans-ExtraBold.ttf in Resources */,
				62D37AA62519415CB82A1C75 /* OpenSans-ExtraBoldItalic.ttf in Resources */,
				25B253DE7C1E44548499AE27 /* OpenSans-Italic.ttf in Resources */,
				FAC7E69B17424A05A6235475 /* OpenSans-Light.ttf in Resources */,
				ECE8E9D3C41E448DBBA984F4 /* OpenSans-LightItalic.ttf in Resources */,
				0AF062F72887442380456D8C /* OpenSans-Regular.ttf in Resources */,
				7BECE80A97234566A077FD6C /* OpenSans-SemiBold.ttf in Resources */,
				378F2543DBBD4E2EB6B4C3BA /* OpenSans-SemiBoldItalic.ttf in Resources */,
				73CDE76199F546238183045F /* AntDesign.ttf in Resources */,
				680950DBCA904AC99E62E2E7 /* Entypo.ttf in Resources */,
				30314F7D7BD843989304C6FE /* EvilIcons.ttf in Resources */,
				94D6340A283A4438A2F4C54E /* Feather.ttf in Resources */,
				CF70059AD8F54904B8135F03 /* FontAwesome.ttf in Resources */,
				49E08B270457428E914A6900 /* FontAwesome5_Brands.ttf in Resources */,
				D9FB433EC7DF446EB35F68C1 /* FontAwesome5_Regular.ttf in Resources */,
				0EA9B884F3374031AC6C4917 /* FontAwesome5_Solid.ttf in Resources */,
				787F305890A44D41AABA7E6D /* Fontisto.ttf in Resources */,
				466209A04E2E483B8348021A /* Foundation.ttf in Resources */,
				FC74E1CEBDC24939B0A530D5 /* Ionicons.ttf in Resources */,
				62ED7CEDA8AB446A89B079F2 /* MaterialCommunityIcons.ttf in Resources */,
				A9EB613E0B084832B758F213 /* MaterialIcons.ttf in Resources */,
				7D9CFADFF4F146AEA721B517 /* Octicons.ttf in Resources */,
				1EB397AA40F24340BDEF7E3A /* SimpleLineIcons.ttf in Resources */,
				95536DD7B2BC46318D2E0A32 /* Zocial.ttf in Resources */,
				8058150861334A22A37CD206 /* Lexend-Black.ttf in Resources */,
				186CE542D4EE4A689EE77F21 /* Lexend-Bold.ttf in Resources */,
				57893FFD687B45BAB0F2125A /* Lexend-ExtraBold.ttf in Resources */,
				1B87C9E7F4A24511B15695B3 /* Lexend-ExtraLight.ttf in Resources */,
				831BFE9E8D9D4F38B46F1456 /* Lexend-Light.ttf in Resources */,
				D454D21033D84E89BA5FCFEE /* Lexend-Medium.ttf in Resources */,
				2C7D832FB0D3460C8979BC65 /* Lexend-Regular.ttf in Resources */,
				19A9AFBC087F47A09906164B /* Lexend-SemiBold.ttf in Resources */,
				E6E41773C12C4B49B6A5D00F /* Lexend-Thin.ttf in Resources */,
				58AA902B2C7444989AD67AAD /* Lexend-VariableFont_wght.ttf in Resources */,
			);
			runOnlyForDeploymentPostprocessing = 0;
		};
/* End PBXResourcesBuildPhase section */

/* Begin PBXShellScriptBuildPhase section */
		00DD1BFF1BD5951E006B06BC /* Bundle React Native code and images */ = {
			isa = PBXShellScriptBuildPhase;
			buildActionMask = 2147483647;
			files = (
			);
			inputPaths = (
			);
			name = "Bundle React Native code and images";
			outputPaths = (
			);
			runOnlyForDeploymentPostprocessing = 0;
			shellPath = /bin/sh;
			shellScript = "set -e\n\nexport NODE_BINARY=node\n../node_modules/react-native/scripts/react-native-xcode.sh\n";
		};
		FD10A7F022414F080027D42C /* Start Packager */ = {
			isa = PBXShellScriptBuildPhase;
			buildActionMask = 2147483647;
			files = (
			);
			inputFileListPaths = (
			);
			inputPaths = (
			);
			name = "Start Packager";
			outputFileListPaths = (
			);
			outputPaths = (
			);
			runOnlyForDeploymentPostprocessing = 0;
			shellPath = /bin/sh;
			shellScript = "export RCT_METRO_PORT=\"${RCT_METRO_PORT:=8081}\"\necho \"export RCT_METRO_PORT=${RCT_METRO_PORT}\" > \"${SRCROOT}/../node_modules/react-native/scripts/.packager.env\"\nif [ -z \"${RCT_NO_LAUNCH_PACKAGER+xxx}\" ] ; then\n  if nc -w 5 -z localhost ${RCT_METRO_PORT} ; then\n    if ! curl -s \"http://localhost:${RCT_METRO_PORT}/status\" | grep -q \"packager-status:running\" ; then\n      echo \"Port ${RCT_METRO_PORT} already in use, packager is either not running or not running correctly\"\n      exit 2\n    fi\n  else\n    open \"$SRCROOT/../node_modules/react-native/scripts/launchPackager.command\" || echo \"Can't start packager automatically\"\n  fi\nfi\n";
			showEnvVarsInLog = 0;
		};
/* End PBXShellScriptBuildPhase section */

/* Begin PBXSourcesBuildPhase section */
		00E356EA1AD99517003FC87E /* Sources */ = {
			isa = PBXSourcesBuildPhase;
			buildActionMask = 2147483647;
			files = (
				00E356F31AD99517003FC87E /* DemoProjectTests.m in Sources */,
			);
			runOnlyForDeploymentPostprocessing = 0;
		};
		13B07F871A680F5B00A75B9A /* Sources */ = {
			isa = PBXSourcesBuildPhase;
			buildActionMask = 2147483647;
			files = (
				13B07FBC1A68108700A75B9A /* AppDelegate.m in Sources */,
				13B07FC11A68108700A75B9A /* main.m in Sources */,
			);
			runOnlyForDeploymentPostprocessing = 0;
		};
/* End PBXSourcesBuildPhase section */

/* Begin PBXTargetDependency section */
		00E356F51AD99517003FC87E /* PBXTargetDependency */ = {
			isa = PBXTargetDependency;
			target = 13B07F861A680F5B00A75B9A /* DemoProject */;
			targetProxy = 00E356F41AD99517003FC87E /* PBXContainerItemProxy */;
		};
/* End PBXTargetDependency section */

/* Begin XCBuildConfiguration section */
		00E356F61AD99517003FC87E /* Debug */ = {
			isa = XCBuildConfiguration;
			buildSettings = {
				BUNDLE_LOADER = "$(TEST_HOST)";
				GCC_PREPROCESSOR_DEFINITIONS = (
					"DEBUG=1",
					"$(inherited)",
				);
				INFOPLIST_FILE = DemoProjectTests/Info.plist;
				IPHONEOS_DEPLOYMENT_TARGET = 11.0;
				LD_RUNPATH_SEARCH_PATHS = (
					"$(inherited)",
					"@executable_path/Frameworks",
					"@loader_path/Frameworks",
				);
				OTHER_LDFLAGS = (
					"-ObjC",
					"-lc++",
					"$(inherited)",
				);
				PRODUCT_BUNDLE_IDENTIFIER = "org.reactjs.native.example.$(PRODUCT_NAME:rfc1034identifier)";
				PRODUCT_NAME = "$(TARGET_NAME)";
				TEST_HOST = "$(BUILT_PRODUCTS_DIR)/DemoProject.app/DemoProject";
			};
			name = Debug;
		};
		00E356F71AD99517003FC87E /* Release */ = {
			isa = XCBuildConfiguration;
			buildSettings = {
				BUNDLE_LOADER = "$(TEST_HOST)";
				COPY_PHASE_STRIP = NO;
				INFOPLIST_FILE = DemoProjectTests/Info.plist;
				IPHONEOS_DEPLOYMENT_TARGET = 11.0;
				LD_RUNPATH_SEARCH_PATHS = (
					"$(inherited)",
					"@executable_path/Frameworks",
					"@loader_path/Frameworks",
				);
				OTHER_LDFLAGS = (
					"-ObjC",
					"-lc++",
					"$(inherited)",
				);
				PRODUCT_BUNDLE_IDENTIFIER = "org.reactjs.native.example.$(PRODUCT_NAME:rfc1034identifier)";
				PRODUCT_NAME = "$(TARGET_NAME)";
				TEST_HOST = "$(BUILT_PRODUCTS_DIR)/DemoProject.app/DemoProject";
			};
			name = Release;
		};
		13B07F941A680F5B00A75B9A /* Debug */ = {
			isa = XCBuildConfiguration;
			buildSettings = {
				ASSETCATALOG_COMPILER_APPICON_NAME = AppIcon;
				CLANG_ENABLE_MODULES = YES;
				CURRENT_PROJECT_VERSION = 1;
				ENABLE_BITCODE = NO;
				INFOPLIST_FILE = DemoProject/Info.plist;
				LD_RUNPATH_SEARCH_PATHS = (
					"$(inherited)",
					"@executable_path/Frameworks",
				);
				OTHER_LDFLAGS = (
					"$(inherited)",
					"-ObjC",
					"-lc++",
				);
				PRODUCT_BUNDLE_IDENTIFIER = "org.reactjs.native.example.$(PRODUCT_NAME:rfc1034identifier)";
				PRODUCT_NAME = DemoProject;
				SWIFT_OPTIMIZATION_LEVEL = "-Onone";
				SWIFT_VERSION = 5.0;
				VERSIONING_SYSTEM = "apple-generic";
			};
			name = Debug;
		};
		13B07F951A680F5B00A75B9A /* Release */ = {
			isa = XCBuildConfiguration;
			buildSettings = {
				ASSETCATALOG_COMPILER_APPICON_NAME = AppIcon;
				CLANG_ENABLE_MODULES = YES;
				CURRENT_PROJECT_VERSION = 1;
				INFOPLIST_FILE = DemoProject/Info.plist;
				LD_RUNPATH_SEARCH_PATHS = (
					"$(inherited)",
					"@executable_path/Frameworks",
				);
				OTHER_LDFLAGS = (
					"$(inherited)",
					"-ObjC",
					"-lc++",
				);
				PRODUCT_BUNDLE_IDENTIFIER = "org.reactjs.native.example.$(PRODUCT_NAME:rfc1034identifier)";
				PRODUCT_NAME = DemoProject;
				SWIFT_VERSION = 5.0;
				VERSIONING_SYSTEM = "apple-generic";
			};
			name = Release;
		};
		83CBBA201A601CBA00E9B192 /* Debug */ = {
			isa = XCBuildConfiguration;
			buildSettings = {
				ALWAYS_SEARCH_USER_PATHS = NO;
				CLANG_ANALYZER_LOCALIZABILITY_NONLOCALIZED = YES;
				CLANG_CXX_LANGUAGE_STANDARD = "gnu++0x";
				CLANG_CXX_LIBRARY = "libc++";
				CLANG_ENABLE_MODULES = YES;
				CLANG_ENABLE_OBJC_ARC = YES;
				CLANG_WARN_BLOCK_CAPTURE_AUTORELEASING = YES;
				CLANG_WARN_BOOL_CONVERSION = YES;
				CLANG_WARN_COMMA = YES;
				CLANG_WARN_CONSTANT_CONVERSION = YES;
				CLANG_WARN_DEPRECATED_OBJC_IMPLEMENTATIONS = YES;
				CLANG_WARN_DIRECT_OBJC_ISA_USAGE = YES_ERROR;
				CLANG_WARN_EMPTY_BODY = YES;
				CLANG_WARN_ENUM_CONVERSION = YES;
				CLANG_WARN_INFINITE_RECURSION = YES;
				CLANG_WARN_INT_CONVERSION = YES;
				CLANG_WARN_NON_LITERAL_NULL_CONVERSION = YES;
				CLANG_WARN_OBJC_IMPLICIT_RETAIN_SELF = YES;
				CLANG_WARN_OBJC_LITERAL_CONVERSION = YES;
				CLANG_WARN_OBJC_ROOT_CLASS = YES_ERROR;
				CLANG_WARN_QUOTED_INCLUDE_IN_FRAMEWORK_HEADER = YES;
				CLANG_WARN_RANGE_LOOP_ANALYSIS = YES;
				CLANG_WARN_STRICT_PROTOTYPES = YES;
				CLANG_WARN_SUSPICIOUS_MOVE = YES;
				CLANG_WARN_UNREACHABLE_CODE = YES;
				CLANG_WARN__DUPLICATE_METHOD_MATCH = YES;
				"CODE_SIGN_IDENTITY[sdk=iphoneos*]" = "iPhone Developer";
				COPY_PHASE_STRIP = NO;
				ENABLE_STRICT_OBJC_MSGSEND = YES;
				ENABLE_TESTABILITY = YES;
				GCC_C_LANGUAGE_STANDARD = gnu99;
				GCC_DYNAMIC_NO_PIC = NO;
				GCC_NO_COMMON_BLOCKS = YES;
				GCC_OPTIMIZATION_LEVEL = 0;
				GCC_PREPROCESSOR_DEFINITIONS = (
					"DEBUG=1",
					"$(inherited)",
				);
				GCC_SYMBOLS_PRIVATE_EXTERN = NO;
				GCC_WARN_64_TO_32_BIT_CONVERSION = YES;
				GCC_WARN_ABOUT_RETURN_TYPE = YES_ERROR;
				GCC_WARN_UNDECLARED_SELECTOR = YES;
				GCC_WARN_UNINITIALIZED_AUTOS = YES_AGGRESSIVE;
				GCC_WARN_UNUSED_FUNCTION = YES;
				GCC_WARN_UNUSED_VARIABLE = YES;
				IPHONEOS_DEPLOYMENT_TARGET = 11.0;
				LD_RUNPATH_SEARCH_PATHS = (
					/usr/lib/swift,
					"$(inherited)",
				);
				LIBRARY_SEARCH_PATHS = (
					"\"$(SDKROOT)/usr/lib/swift\"",
					"\"$(TOOLCHAIN_DIR)/usr/lib/swift/$(PLATFORM_NAME)\"",
					"\"$(inherited)\"",
				);
				MTL_ENABLE_DEBUG_INFO = YES;
				ONLY_ACTIVE_ARCH = YES;
				SDKROOT = iphoneos;
			};
			name = Debug;
		};
		83CBBA211A601CBA00E9B192 /* Release */ = {
			isa = XCBuildConfiguration;
			buildSettings = {
				ALWAYS_SEARCH_USER_PATHS = NO;
				CLANG_ANALYZER_LOCALIZABILITY_NONLOCALIZED = YES;
				CLANG_CXX_LANGUAGE_STANDARD = "gnu++0x";
				CLANG_CXX_LIBRARY = "libc++";
				CLANG_ENABLE_MODULES = YES;
				CLANG_ENABLE_OBJC_ARC = YES;
				CLANG_WARN_BLOCK_CAPTURE_AUTORELEASING = YES;
				CLANG_WARN_BOOL_CONVERSION = YES;
				CLANG_WARN_COMMA = YES;
				CLANG_WARN_CONSTANT_CONVERSION = YES;
				CLANG_WARN_DEPRECATED_OBJC_IMPLEMENTATIONS = YES;
				CLANG_WARN_DIRECT_OBJC_ISA_USAGE = YES_ERROR;
				CLANG_WARN_EMPTY_BODY = YES;
				CLANG_WARN_ENUM_CONVERSION = YES;
				CLANG_WARN_INFINITE_RECURSION = YES;
				CLANG_WARN_INT_CONVERSION = YES;
				CLANG_WARN_NON_LITERAL_NULL_CONVERSION = YES;
				CLANG_WARN_OBJC_IMPLICIT_RETAIN_SELF = YES;
				CLANG_WARN_OBJC_LITERAL_CONVERSION = YES;
				CLANG_WARN_OBJC_ROOT_CLASS = YES_ERROR;
				CLANG_WARN_QUOTED_INCLUDE_IN_FRAMEWORK_HEADER = YES;
				CLANG_WARN_RANGE_LOOP_ANALYSIS = YES;
				CLANG_WARN_STRICT_PROTOTYPES = YES;
				CLANG_WARN_SUSPICIOUS_MOVE = YES;
				CLANG_WARN_UNREACHABLE_CODE = YES;
				CLANG_WARN__DUPLICATE_METHOD_MATCH = YES;
				"CODE_SIGN_IDENTITY[sdk=iphoneos*]" = "iPhone Developer";
				COPY_PHASE_STRIP = YES;
				ENABLE_NS_ASSERTIONS = NO;
				ENABLE_STRICT_OBJC_MSGSEND = YES;
				GCC_C_LANGUAGE_STANDARD = gnu99;
				GCC_NO_COMMON_BLOCKS = YES;
				GCC_WARN_64_TO_32_BIT_CONVERSION = YES;
				GCC_WARN_ABOUT_RETURN_TYPE = YES_ERROR;
				GCC_WARN_UNDECLARED_SELECTOR = YES;
				GCC_WARN_UNINITIALIZED_AUTOS = YES_AGGRESSIVE;
				GCC_WARN_UNUSED_FUNCTION = YES;
				GCC_WARN_UNUSED_VARIABLE = YES;
				IPHONEOS_DEPLOYMENT_TARGET = 11.0;
				LD_RUNPATH_SEARCH_PATHS = (
					/usr/lib/swift,
					"$(inherited)",
				);
				LIBRARY_SEARCH_PATHS = (
					"\"$(SDKROOT)/usr/lib/swift\"",
					"\"$(TOOLCHAIN_DIR)/usr/lib/swift/$(PLATFORM_NAME)\"",
					"\"$(inherited)\"",
				);
				MTL_ENABLE_DEBUG_INFO = NO;
				SDKROOT = iphoneos;
				VALIDATE_PRODUCT = YES;
			};
			name = Release;
		};
/* End XCBuildConfiguration section */

/* Begin XCConfigurationList section */
		00E357021AD99517003FC87E /* Build configuration list for PBXNativeTarget "DemoProjectTests" */ = {
			isa = XCConfigurationList;
			buildConfigurations = (
				00E356F61AD99517003FC87E /* Debug */,
				00E356F71AD99517003FC87E /* Release */,
			);
			defaultConfigurationIsVisible = 0;
			defaultConfigurationName = Release;
		};
		13B07F931A680F5B00A75B9A /* Build configuration list for PBXNativeTarget "DemoProject" */ = {
			isa = XCConfigurationList;
			buildConfigurations = (
				13B07F941A680F5B00A75B9A /* Debug */,
				13B07F951A680F5B00A75B9A /* Release */,
			);
			defaultConfigurationIsVisible = 0;
			defaultConfigurationName = Release;
		};
		83CBB9FA1A601CBA00E9B192 /* Build configuration list for PBXProject "DemoProject" */ = {
			isa = XCConfigurationList;
			buildConfigurations = (
				83CBBA201A601CBA00E9B192 /* Debug */,
				83CBBA211A601CBA00E9B192 /* Release */,
			);
			defaultConfigurationIsVisible = 0;
			defaultConfigurationName = Release;
		};
/* End XCConfigurationList section */
	};
	rootObject = 83CBB9F71A601CBA00E9B192 /* Project object */;
}
